
Microsoft Visual Studio Solution File, Format Version 12.00
# Visual Studio Version 16
VisualStudioVersion = 16.0.30907.101
MinimumVisualStudioVersion = 10.0.40219.1
Project("{FAE04EC0-301F-11D3-BF4B-00C04F79EFBC}") = "Database Gods", "Database Gods\Database Gods.csproj", "{6ECAC053-4B61-46CC-9694-BD57F8E867F2}"
EndProject
Global
	GlobalSection(SolutionConfigurationPlatforms) = preSolution
		Debug|Any CPU = Debug|Any CPU
		Release|Any CPU = Release|Any CPU
	EndGlobalSection
	GlobalSection(ProjectConfigurationPlatforms) = postSolution
		{6ECAC053-4B61-46CC-9694-BD57F8E867F2}.Debug|Any CPU.ActiveCfg = Debug|Any CPU
		{6ECAC053-4B61-46CC-9694-BD57F8E867F2}.Debug|Any CPU.Build.0 = Debug|Any CPU
		{6ECAC053-4B61-46CC-9694-BD57F8E867F2}.Release|Any CPU.ActiveCfg = Release|Any CPU
		{6ECAC053-4B61-46CC-9694-BD57F8E867F2}.Release|Any CPU.Build.0 = Release|Any CPU
	EndGlobalSection
	GlobalSection(SolutionProperties) = preSolution
		HideSolutionNode = FALSE
	EndGlobalSection
	GlobalSection(ExtensibilityGlobals) = postSolution
		SolutionGuid = {8A94DD74-40F8-45A9-B388-DABEA9864D40}
	EndGlobalSection
EndGlobal
